
Microsoft Visual Studio Solution File, Format Version 12.00
# Visual Studio 15
VisualStudioVersion = 15.0.27130.2036
MinimumVisualStudioVersion = 10.0.40219.1
Project("{9A19103F-16F7-4668-BE54-9A1E7A4F7556}") = "Nancy.Template.WebService", "src\Nancy.Template.WebService.csproj", "{3E0D1BD4-EBBB-4687-BBAE-878B92235613}"
EndProject
Project("{2150E333-8FDC-42A3-9474-1A3956D46DE8}") = ".SolutionItems", ".SolutionItems", "{165E9247-FF3D-436E-B81A-59965961201F}"
	ProjectSection(SolutionItems) = preProject
		.editorconfig = .editorconfig
	EndProjectSection
EndProject
Project("{9A19103F-16F7-4668-BE54-9A1E7A4F7556}") = "Nancy.Template.WebService.Test", "tests\Nancy.Template.WebService.Test.csproj", "{C7D1286A-277D-4A47-8478-917591B4B24E}"
EndProject
Global
	GlobalSection(SolutionConfigurationPlatforms) = preSolution
		Debug|Any CPU = Debug|Any CPU
		Release|Any CPU = Release|Any CPU
	EndGlobalSection
	GlobalSection(ProjectConfigurationPlatforms) = postSolution
		{3E0D1BD4-EBBB-4687-BBAE-878B92235613}.Debug|Any CPU.ActiveCfg = Debug|Any CPU
		{3E0D1BD4-EBBB-4687-BBAE-878B92235613}.Debug|Any CPU.Build.0 = Debug|Any CPU
		{3E0D1BD4-EBBB-4687-BBAE-878B92235613}.Release|Any CPU.ActiveCfg = Release|Any CPU
		{3E0D1BD4-EBBB-4687-BBAE-878B92235613}.Release|Any CPU.Build.0 = Release|Any CPU
		{C7D1286A-277D-4A47-8478-917591B4B24E}.Debug|Any CPU.ActiveCfg = Debug|Any CPU
		{C7D1286A-277D-4A47-8478-917591B4B24E}.Debug|Any CPU.Build.0 = Debug|Any CPU
		{C7D1286A-277D-4A47-8478-917591B4B24E}.Release|Any CPU.ActiveCfg = Release|Any CPU
		{C7D1286A-277D-4A47-8478-917591B4B24E}.Release|Any CPU.Build.0 = Release|Any CPU
	EndGlobalSection
	GlobalSection(SolutionProperties) = preSolution
		HideSolutionNode = FALSE
	EndGlobalSection
	GlobalSection(ExtensibilityGlobals) = postSolution
		SolutionGuid = {B7177C93-D79E-4B08-81F0-95E820379CD7}
	EndGlobalSection
EndGlobal
